
Microsoft Visual Studio Solution File, Format Version 12.00
# Visual Studio Version 17
VisualStudioVersion = 17.12.35514.174 d17.12
MinimumVisualStudioVersion = 10.0.40219.1
Project("{FAE04EC0-301F-11D3-BF4B-00C04F79EFBC}") = "IELTSExamPlatform.BL", "IELTSExamPlatform.BL\IELTSExamPlatform.BL.csproj", "{0CA47B29-77D7-475B-8A24-8500E7CCC85B}"
EndProject
Project("{FAE04EC0-301F-11D3-BF4B-00C04F79EFBC}") = "IELTSExamPlatform.CORE", "IELTSExamPlatform.CORE\IELTSExamPlatform.CORE.csproj", "{C88B07EA-7C65-4F99-ABB9-2CEB99B1DD0D}"
EndProject
Project("{FAE04EC0-301F-11D3-BF4B-00C04F79EFBC}") = "IELTSExamPlatform.DAL", "IELTSExamPlatform.DAL\IELTSExamPlatform.DAL.csproj", "{1AC2841D-CFF3-405C-A2C1-2A9992C8034F}"
EndProject
Project("{FAE04EC0-301F-11D3-BF4B-00C04F79EFBC}") = "IELTSExamPlatform.MVC", "IELTSExamPlatform.MVC\IELTSExamPlatform.MVC.csproj", "{288DB188-C0AB-43CC-8E9E-B9961F2B3C36}"
EndProject
Global
	GlobalSection(SolutionConfigurationPlatforms) = preSolution
		Debug|Any CPU = Debug|Any CPU
		Release|Any CPU = Release|Any CPU
	EndGlobalSection
	GlobalSection(ProjectConfigurationPlatforms) = postSolution
		{0CA47B29-77D7-475B-8A24-8500E7CCC85B}.Debug|Any CPU.ActiveCfg = Debug|Any CPU
		{0CA47B29-77D7-475B-8A24-8500E7CCC85B}.Debug|Any CPU.Build.0 = Debug|Any CPU
		{0CA47B29-77D7-475B-8A24-8500E7CCC85B}.Release|Any CPU.ActiveCfg = Release|Any CPU
		{0CA47B29-77D7-475B-8A24-8500E7CCC85B}.Release|Any CPU.Build.0 = Release|Any CPU
		{C88B07EA-7C65-4F99-ABB9-2CEB99B1DD0D}.Debug|Any CPU.ActiveCfg = Debug|Any CPU
		{C88B07EA-7C65-4F99-ABB9-2CEB99B1DD0D}.Debug|Any CPU.Build.0 = Debug|Any CPU
		{C88B07EA-7C65-4F99-ABB9-2CEB99B1DD0D}.Release|Any CPU.ActiveCfg = Release|Any CPU
		{C88B07EA-7C65-4F99-ABB9-2CEB99B1DD0D}.Release|Any CPU.Build.0 = Release|Any CPU
		{1AC2841D-CFF3-405C-A2C1-2A9992C8034F}.Debug|Any CPU.ActiveCfg = Debug|Any CPU
		{1AC2841D-CFF3-405C-A2C1-2A9992C8034F}.Debug|Any CPU.Build.0 = Debug|Any CPU
		{1AC2841D-CFF3-405C-A2C1-2A9992C8034F}.Release|Any CPU.ActiveCfg = Release|Any CPU
		{1AC2841D-CFF3-405C-A2C1-2A9992C8034F}.Release|Any CPU.Build.0 = Release|Any CPU
		{288DB188-C0AB-43CC-8E9E-B9961F2B3C36}.Debug|Any CPU.ActiveCfg = Debug|Any CPU
		{288DB188-C0AB-43CC-8E9E-B9961F2B3C36}.Debug|Any CPU.Build.0 = Debug|Any CPU
		{288DB188-C0AB-43CC-8E9E-B9961F2B3C36}.Release|Any CPU.ActiveCfg = Release|Any CPU
		{288DB188-C0AB-43CC-8E9E-B9961F2B3C36}.Release|Any CPU.Build.0 = Release|Any CPU
	EndGlobalSection
	GlobalSection(SolutionProperties) = preSolution
		HideSolutionNode = FALSE
	EndGlobalSection
EndGlobal
